
Microsoft Visual Studio Solution File, Format Version 12.00
# Visual Studio 14
VisualStudioVersion = 14.0.24720.0
MinimumVisualStudioVersion = 10.0.40219.1
Project("{2150E333-8FDC-42A3-9474-1A3956D46DE8}") = "Chapter1", "Chapter1", "{161D1F36-ACC1-4D47-8085-78B0DE1BE006}"
EndProject
Project("{2150E333-8FDC-42A3-9474-1A3956D46DE8}") = "Chapter2", "Chapter2", "{0DA2175E-438A-48D1-9CE8-D39252539AE7}"
EndProject
Project("{2150E333-8FDC-42A3-9474-1A3956D46DE8}") = "Chapter3", "Chapter3", "{45A478C6-364B-46F6-ABCC-0FEB02E4C1F0}"
EndProject
Project("{2150E333-8FDC-42A3-9474-1A3956D46DE8}") = "Chapter4", "Chapter4", "{B2F9D5BB-7C81-4237-BF8B-F13DF78E34B4}"
EndProject
Project("{2150E333-8FDC-42A3-9474-1A3956D46DE8}") = "Chapter5", "Chapter5", "{EA7AFB3C-1867-4A91-9363-21CC44B46D31}"
EndProject
Project("{2150E333-8FDC-42A3-9474-1A3956D46DE8}") = "Thread", "Thread", "{202A3736-B144-4DE8-B06F-A471CB1FB006}"
EndProject
Project("{2150E333-8FDC-42A3-9474-1A3956D46DE8}") = "Listing1-1", "Listing1-1", "{5245DD34-BE21-4805-90BF-3D7C6B235630}"
EndProject
Project("{FAE04EC0-301F-11D3-BF4B-00C04F79EFBC}") = "Thread-001", "Thread-001\Thread-001.csproj", "{26070488-591B-430D-9DAE-08471B82B08C}"
EndProject
Project("{2150E333-8FDC-42A3-9474-1A3956D46DE8}") = "Listing1-2", "Listing1-2", "{15749EFE-4202-4D37-BE9D-AAE2A019DADC}"
EndProject
Project("{FAE04EC0-301F-11D3-BF4B-00C04F79EFBC}") = "Listing1-2", "Listing1-2\Listing1-2.csproj", "{A8FBBFB7-FB5E-473A-B639-2D18FE43F21A}"
EndProject
Project("{2150E333-8FDC-42A3-9474-1A3956D46DE8}") = "Listing1-3", "Listing1-3", "{05B7F5F0-2070-4891-8BF0-B9D735E557BE}"
EndProject
Project("{FAE04EC0-301F-11D3-BF4B-00C04F79EFBC}") = "Listing1-3", "Listing1-3\Listing1-3.csproj", "{53CE0797-C438-42E6-A652-2E522C39AE9A}"
EndProject
Project("{2150E333-8FDC-42A3-9474-1A3956D46DE8}") = "Listing1-4", "Listing1-4", "{6152C788-BD37-4249-8B04-D62D88DF518A}"
EndProject
Project("{FAE04EC0-301F-11D3-BF4B-00C04F79EFBC}") = "Listing1-4", "Listing1-4\Listing1-4.csproj", "{7004B115-A5E7-4C9D-9D07-322B0AF63042}"
EndProject
Project("{2150E333-8FDC-42A3-9474-1A3956D46DE8}") = "Listing1-5", "Listing1-5", "{9359CFC7-0222-4151-8081-B2F29CCE0CD4}"
EndProject
Project("{FAE04EC0-301F-11D3-BF4B-00C04F79EFBC}") = "Listing1-5", "Listing1-5\Listing1-5.csproj", "{5A003D30-3492-4CB4-BC17-3B74F078B430}"
EndProject
Project("{2150E333-8FDC-42A3-9474-1A3956D46DE8}") = "Listing1-6", "Listing1-6", "{C314BE6F-E133-4A07-A416-2AAA7B345D05}"
EndProject
Project("{FAE04EC0-301F-11D3-BF4B-00C04F79EFBC}") = "Listing1-6", "Listing1-6\Listing1-6.csproj", "{AA34D213-BB1C-4829-B194-FEDDC9684E69}"
EndProject
Project("{2150E333-8FDC-42A3-9474-1A3956D46DE8}") = "Listing1-7", "Listing1-7", "{B4BE9650-3B29-4389-89E5-FBBC80BAE360}"
EndProject
Project("{FAE04EC0-301F-11D3-BF4B-00C04F79EFBC}") = "Listing1-7", "Listing1-7\Listing1-7.csproj", "{0D294153-009A-4968-8483-5595FBDA0D05}"
EndProject
Project("{2150E333-8FDC-42A3-9474-1A3956D46DE8}") = "Listing1-8", "Listing1-8", "{B3A10AC2-61EF-495B-9399-6D9B75F21C96}"
EndProject
Project("{FAE04EC0-301F-11D3-BF4B-00C04F79EFBC}") = "LIsting1-8", "LIsting1-8\LIsting1-8.csproj", "{A2F6D0C6-7C7B-409D-A0B7-CF47E017D0A4}"
EndProject
Project("{2150E333-8FDC-42A3-9474-1A3956D46DE8}") = "Listing1-9", "Listing1-9", "{399EC308-D6BB-4D57-AE48-618CFE0097AE}"
EndProject
Project("{FAE04EC0-301F-11D3-BF4B-00C04F79EFBC}") = "Listing1-9", "Listing1-9\Listing1-9.csproj", "{6EF196EA-9823-451C-BB5D-56556E62942E}"
EndProject
Project("{2150E333-8FDC-42A3-9474-1A3956D46DE8}") = "Listing1-10", "Listing1-10", "{DBA8D3BD-30C5-4170-B423-48A986FE6EAC}"
EndProject
Project("{FAE04EC0-301F-11D3-BF4B-00C04F79EFBC}") = "Listing1-10", "Listing1-10\Listing1-10.csproj", "{EDFE288C-F6E2-4065-90F2-BBF58A0B3006}"
EndProject
Project("{2150E333-8FDC-42A3-9474-1A3956D46DE8}") = "Listing1-11", "Listing1-11", "{7D2E21E8-DB93-4100-8112-BA8DCB911716}"
EndProject
Project("{FAE04EC0-301F-11D3-BF4B-00C04F79EFBC}") = "Listing1-11", "Listing1-11\Listing1-11.csproj", "{57C8CBC1-E077-4AF4-86E5-8FE0F4CA7309}"
EndProject
Project("{2150E333-8FDC-42A3-9474-1A3956D46DE8}") = "Listing1-12", "Listing1-12", "{767ED991-CCAD-44B7-A051-D88EC9ADC4AF}"
EndProject
Project("{FAE04EC0-301F-11D3-BF4B-00C04F79EFBC}") = "Listing1-12", "Listing1-12\Listing1-12.csproj", "{6DDDAD65-1F14-43FA-ACD1-ADEBD3CAB117}"
EndProject
Project("{2150E333-8FDC-42A3-9474-1A3956D46DE8}") = "Listing1-13", "Listing1-13", "{314D6119-C525-47B6-9B10-DCE9340AFAD9}"
EndProject
Project("{FAE04EC0-301F-11D3-BF4B-00C04F79EFBC}") = "Listing1-13", "Listing1-13\Listing1-13.csproj", "{70E5BB4F-DBC3-4415-BB29-675F3CE4CFAA}"
EndProject
Project("{2150E333-8FDC-42A3-9474-1A3956D46DE8}") = "Tasks", "Tasks", "{D92A9C54-8697-4227-8103-C329C62BE30D}"
EndProject
Project("{2150E333-8FDC-42A3-9474-1A3956D46DE8}") = "Listing1-14", "Listing1-14", "{4E41F3AC-20E4-4192-B4D9-7E68D3AB1A43}"
EndProject
Project("{FAE04EC0-301F-11D3-BF4B-00C04F79EFBC}") = "Listing1-14", "Listing1-14\Listing1-14.csproj", "{F821A70B-D1F2-4807-9D41-6440820DAA6E}"
EndProject
Project("{2150E333-8FDC-42A3-9474-1A3956D46DE8}") = "Listing1-15", "Listing1-15", "{8704F8F5-3872-44C9-BC2E-F513394C4816}"
EndProject
Project("{FAE04EC0-301F-11D3-BF4B-00C04F79EFBC}") = "Listing1-15", "Listing1-15\Listing1-15.csproj", "{30551D7F-33B2-4355-91C0-A9F10ABC225F}"
EndProject
Global
	GlobalSection(SolutionConfigurationPlatforms) = preSolution
		Debug|Any CPU = Debug|Any CPU
		Release|Any CPU = Release|Any CPU
	EndGlobalSection
	GlobalSection(ProjectConfigurationPlatforms) = postSolution
		{26070488-591B-430D-9DAE-08471B82B08C}.Debug|Any CPU.ActiveCfg = Debug|Any CPU
		{26070488-591B-430D-9DAE-08471B82B08C}.Debug|Any CPU.Build.0 = Debug|Any CPU
		{26070488-591B-430D-9DAE-08471B82B08C}.Release|Any CPU.ActiveCfg = Release|Any CPU
		{26070488-591B-430D-9DAE-08471B82B08C}.Release|Any CPU.Build.0 = Release|Any CPU
		{A8FBBFB7-FB5E-473A-B639-2D18FE43F21A}.Debug|Any CPU.ActiveCfg = Debug|Any CPU
		{A8FBBFB7-FB5E-473A-B639-2D18FE43F21A}.Debug|Any CPU.Build.0 = Debug|Any CPU
		{A8FBBFB7-FB5E-473A-B639-2D18FE43F21A}.Release|Any CPU.ActiveCfg = Release|Any CPU
		{A8FBBFB7-FB5E-473A-B639-2D18FE43F21A}.Release|Any CPU.Build.0 = Release|Any CPU
		{53CE0797-C438-42E6-A652-2E522C39AE9A}.Debug|Any CPU.ActiveCfg = Debug|Any CPU
		{53CE0797-C438-42E6-A652-2E522C39AE9A}.Debug|Any CPU.Build.0 = Debug|Any CPU
		{53CE0797-C438-42E6-A652-2E522C39AE9A}.Release|Any CPU.ActiveCfg = Release|Any CPU
		{53CE0797-C438-42E6-A652-2E522C39AE9A}.Release|Any CPU.Build.0 = Release|Any CPU
		{7004B115-A5E7-4C9D-9D07-322B0AF63042}.Debug|Any CPU.ActiveCfg = Debug|Any CPU
		{7004B115-A5E7-4C9D-9D07-322B0AF63042}.Debug|Any CPU.Build.0 = Debug|Any CPU
		{7004B115-A5E7-4C9D-9D07-322B0AF63042}.Release|Any CPU.ActiveCfg = Release|Any CPU
		{7004B115-A5E7-4C9D-9D07-322B0AF63042}.Release|Any CPU.Build.0 = Release|Any CPU
		{5A003D30-3492-4CB4-BC17-3B74F078B430}.Debug|Any CPU.ActiveCfg = Debug|Any CPU
		{5A003D30-3492-4CB4-BC17-3B74F078B430}.Debug|Any CPU.Build.0 = Debug|Any CPU
		{5A003D30-3492-4CB4-BC17-3B74F078B430}.Release|Any CPU.ActiveCfg = Release|Any CPU
		{5A003D30-3492-4CB4-BC17-3B74F078B430}.Release|Any CPU.Build.0 = Release|Any CPU
		{AA34D213-BB1C-4829-B194-FEDDC9684E69}.Debug|Any CPU.ActiveCfg = Debug|Any CPU
		{AA34D213-BB1C-4829-B194-FEDDC9684E69}.Debug|Any CPU.Build.0 = Debug|Any CPU
		{AA34D213-BB1C-4829-B194-FEDDC9684E69}.Release|Any CPU.ActiveCfg = Release|Any CPU
		{AA34D213-BB1C-4829-B194-FEDDC9684E69}.Release|Any CPU.Build.0 = Release|Any CPU
		{0D294153-009A-4968-8483-5595FBDA0D05}.Debug|Any CPU.ActiveCfg = Debug|Any CPU
		{0D294153-009A-4968-8483-5595FBDA0D05}.Debug|Any CPU.Build.0 = Debug|Any CPU
		{0D294153-009A-4968-8483-5595FBDA0D05}.Release|Any CPU.ActiveCfg = Release|Any CPU
		{0D294153-009A-4968-8483-5595FBDA0D05}.Release|Any CPU.Build.0 = Release|Any CPU
		{A2F6D0C6-7C7B-409D-A0B7-CF47E017D0A4}.Debug|Any CPU.ActiveCfg = Debug|Any CPU
		{A2F6D0C6-7C7B-409D-A0B7-CF47E017D0A4}.Debug|Any CPU.Build.0 = Debug|Any CPU
		{A2F6D0C6-7C7B-409D-A0B7-CF47E017D0A4}.Release|Any CPU.ActiveCfg = Release|Any CPU
		{A2F6D0C6-7C7B-409D-A0B7-CF47E017D0A4}.Release|Any CPU.Build.0 = Release|Any CPU
		{6EF196EA-9823-451C-BB5D-56556E62942E}.Debug|Any CPU.ActiveCfg = Debug|Any CPU
		{6EF196EA-9823-451C-BB5D-56556E62942E}.Debug|Any CPU.Build.0 = Debug|Any CPU
		{6EF196EA-9823-451C-BB5D-56556E62942E}.Release|Any CPU.ActiveCfg = Release|Any CPU
		{6EF196EA-9823-451C-BB5D-56556E62942E}.Release|Any CPU.Build.0 = Release|Any CPU
		{EDFE288C-F6E2-4065-90F2-BBF58A0B3006}.Debug|Any CPU.ActiveCfg = Debug|Any CPU
		{EDFE288C-F6E2-4065-90F2-BBF58A0B3006}.Debug|Any CPU.Build.0 = Debug|Any CPU
		{EDFE288C-F6E2-4065-90F2-BBF58A0B3006}.Release|Any CPU.ActiveCfg = Release|Any CPU
		{EDFE288C-F6E2-4065-90F2-BBF58A0B3006}.Release|Any CPU.Build.0 = Release|Any CPU
		{57C8CBC1-E077-4AF4-86E5-8FE0F4CA7309}.Debug|Any CPU.ActiveCfg = Debug|Any CPU
		{57C8CBC1-E077-4AF4-86E5-8FE0F4CA7309}.Debug|Any CPU.Build.0 = Debug|Any CPU
		{57C8CBC1-E077-4AF4-86E5-8FE0F4CA7309}.Release|Any CPU.ActiveCfg = Release|Any CPU
		{57C8CBC1-E077-4AF4-86E5-8FE0F4CA7309}.Release|Any CPU.Build.0 = Release|Any CPU
		{6DDDAD65-1F14-43FA-ACD1-ADEBD3CAB117}.Debug|Any CPU.ActiveCfg = Debug|Any CPU
		{6DDDAD65-1F14-43FA-ACD1-ADEBD3CAB117}.Debug|Any CPU.Build.0 = Debug|Any CPU
		{6DDDAD65-1F14-43FA-ACD1-ADEBD3CAB117}.Release|Any CPU.ActiveCfg = Release|Any CPU
		{6DDDAD65-1F14-43FA-ACD1-ADEBD3CAB117}.Release|Any CPU.Build.0 = Release|Any CPU
		{70E5BB4F-DBC3-4415-BB29-675F3CE4CFAA}.Debug|Any CPU.ActiveCfg = Debug|Any CPU
		{70E5BB4F-DBC3-4415-BB29-675F3CE4CFAA}.Debug|Any CPU.Build.0 = Debug|Any CPU
		{70E5BB4F-DBC3-4415-BB29-675F3CE4CFAA}.Release|Any CPU.ActiveCfg = Release|Any CPU
		{70E5BB4F-DBC3-4415-BB29-675F3CE4CFAA}.Release|Any CPU.Build.0 = Release|Any CPU
		{F821A70B-D1F2-4807-9D41-6440820DAA6E}.Debug|Any CPU.ActiveCfg = Debug|Any CPU
		{F821A70B-D1F2-4807-9D41-6440820DAA6E}.Debug|Any CPU.Build.0 = Debug|Any CPU
		{F821A70B-D1F2-4807-9D41-6440820DAA6E}.Release|Any CPU.ActiveCfg = Release|Any CPU
		{F821A70B-D1F2-4807-9D41-6440820DAA6E}.Release|Any CPU.Build.0 = Release|Any CPU
		{30551D7F-33B2-4355-91C0-A9F10ABC225F}.Debug|Any CPU.ActiveCfg = Debug|Any CPU
		{30551D7F-33B2-4355-91C0-A9F10ABC225F}.Debug|Any CPU.Build.0 = Debug|Any CPU
		{30551D7F-33B2-4355-91C0-A9F10ABC225F}.Release|Any CPU.ActiveCfg = Release|Any CPU
		{30551D7F-33B2-4355-91C0-A9F10ABC225F}.Release|Any CPU.Build.0 = Release|Any CPU
	EndGlobalSection
	GlobalSection(SolutionProperties) = preSolution
		HideSolutionNode = FALSE
	EndGlobalSection
	GlobalSection(NestedProjects) = preSolution
		{202A3736-B144-4DE8-B06F-A471CB1FB006} = {161D1F36-ACC1-4D47-8085-78B0DE1BE006}
		{5245DD34-BE21-4805-90BF-3D7C6B235630} = {202A3736-B144-4DE8-B06F-A471CB1FB006}
		{26070488-591B-430D-9DAE-08471B82B08C} = {5245DD34-BE21-4805-90BF-3D7C6B235630}
		{15749EFE-4202-4D37-BE9D-AAE2A019DADC} = {202A3736-B144-4DE8-B06F-A471CB1FB006}
		{A8FBBFB7-FB5E-473A-B639-2D18FE43F21A} = {15749EFE-4202-4D37-BE9D-AAE2A019DADC}
		{05B7F5F0-2070-4891-8BF0-B9D735E557BE} = {202A3736-B144-4DE8-B06F-A471CB1FB006}
		{53CE0797-C438-42E6-A652-2E522C39AE9A} = {05B7F5F0-2070-4891-8BF0-B9D735E557BE}
		{6152C788-BD37-4249-8B04-D62D88DF518A} = {202A3736-B144-4DE8-B06F-A471CB1FB006}
		{7004B115-A5E7-4C9D-9D07-322B0AF63042} = {6152C788-BD37-4249-8B04-D62D88DF518A}
		{9359CFC7-0222-4151-8081-B2F29CCE0CD4} = {202A3736-B144-4DE8-B06F-A471CB1FB006}
		{5A003D30-3492-4CB4-BC17-3B74F078B430} = {9359CFC7-0222-4151-8081-B2F29CCE0CD4}
		{C314BE6F-E133-4A07-A416-2AAA7B345D05} = {202A3736-B144-4DE8-B06F-A471CB1FB006}
		{AA34D213-BB1C-4829-B194-FEDDC9684E69} = {C314BE6F-E133-4A07-A416-2AAA7B345D05}
		{B4BE9650-3B29-4389-89E5-FBBC80BAE360} = {202A3736-B144-4DE8-B06F-A471CB1FB006}
		{0D294153-009A-4968-8483-5595FBDA0D05} = {B4BE9650-3B29-4389-89E5-FBBC80BAE360}
		{B3A10AC2-61EF-495B-9399-6D9B75F21C96} = {D92A9C54-8697-4227-8103-C329C62BE30D}
		{A2F6D0C6-7C7B-409D-A0B7-CF47E017D0A4} = {B3A10AC2-61EF-495B-9399-6D9B75F21C96}
		{399EC308-D6BB-4D57-AE48-618CFE0097AE} = {D92A9C54-8697-4227-8103-C329C62BE30D}
		{6EF196EA-9823-451C-BB5D-56556E62942E} = {399EC308-D6BB-4D57-AE48-618CFE0097AE}
		{DBA8D3BD-30C5-4170-B423-48A986FE6EAC} = {D92A9C54-8697-4227-8103-C329C62BE30D}
		{EDFE288C-F6E2-4065-90F2-BBF58A0B3006} = {DBA8D3BD-30C5-4170-B423-48A986FE6EAC}
		{7D2E21E8-DB93-4100-8112-BA8DCB911716} = {D92A9C54-8697-4227-8103-C329C62BE30D}
		{57C8CBC1-E077-4AF4-86E5-8FE0F4CA7309} = {7D2E21E8-DB93-4100-8112-BA8DCB911716}
		{767ED991-CCAD-44B7-A051-D88EC9ADC4AF} = {D92A9C54-8697-4227-8103-C329C62BE30D}
		{6DDDAD65-1F14-43FA-ACD1-ADEBD3CAB117} = {767ED991-CCAD-44B7-A051-D88EC9ADC4AF}
		{314D6119-C525-47B6-9B10-DCE9340AFAD9} = {D92A9C54-8697-4227-8103-C329C62BE30D}
		{70E5BB4F-DBC3-4415-BB29-675F3CE4CFAA} = {314D6119-C525-47B6-9B10-DCE9340AFAD9}
		{D92A9C54-8697-4227-8103-C329C62BE30D} = {161D1F36-ACC1-4D47-8085-78B0DE1BE006}
		{4E41F3AC-20E4-4192-B4D9-7E68D3AB1A43} = {D92A9C54-8697-4227-8103-C329C62BE30D}
		{F821A70B-D1F2-4807-9D41-6440820DAA6E} = {4E41F3AC-20E4-4192-B4D9-7E68D3AB1A43}
		{8704F8F5-3872-44C9-BC2E-F513394C4816} = {D92A9C54-8697-4227-8103-C329C62BE30D}
		{30551D7F-33B2-4355-91C0-A9F10ABC225F} = {8704F8F5-3872-44C9-BC2E-F513394C4816}
	EndGlobalSection
EndGlobal
